lockfileVersion: '9.0'

settings:
  autoInstallPeers: true
  excludeLinksFromLockfile: false

importers:

  .:
    dependencies:
      '@k03mad/request':
        specifier: 14.0.1
        version: 14.0.1
      chalk:
        specifier: 5.6.2
        version: 5.6.2
      debug:
        specifier: 4.4.3
        version: 4.4.3(supports-color@8.1.1)
      is-ip:
        specifier: 5.0.1
        version: 5.0.1
    devDependencies:
      '@k03mad/oxlint-config':
        specifier: 0.0.16
        version: 0.0.16
      husky:
        specifier: 9.1.7
        version: 9.1.7
      mocha:
        specifier: 11.7.5
        version: 11.7.5
      oxfmt:
        specifier: 0.34.0
        version: 0.34.0
      oxlint:
        specifier: 1.49.0
        version: 1.49.0

packages:

  '@isaacs/cliui@8.0.2':
    resolution: {integrity: sha512-O8jcjabXaleOG9DQ0+ARXWZBTfnP4WNAqzuiJK7ll44AmxGKv/J2M4TPjxjY3znBCfvBXFzucm1twdyFybFqEA==}
    engines: {node: '>=12'}

  '@k03mad/oxlint-config@0.0.16':
    resolution: {integrity: sha512-uOL01W8aCOkhGcjgAAzmFmipnS7rY82LKloX2FwpItsw/ypHcq49ZiCok5xsRrLheojw8q2uSLGaMdjFL6EeTg==}
    engines: {node: '>=24'}

  '@k03mad/request@14.0.1':
    resolution: {integrity: sha512-gEOHRLqHtoS0rZYkmO153/PXBTKGXXbliQGmvmP0YhYFY48XpMFNFC0jy0yS07Gnq/hotcfAeBIgCCkoV5VsTQ==}
    engines: {node: '>=24'}

  '@keyv/serialize@1.1.1':
    resolution: {integrity: sha512-dXn3FZhPv0US+7dtJsIi2R+c7qWYiReoEh5zUntWCf4oSpMNib8FDhSoed6m3QyZdx5hK7iLFkYk3rNxwt8vTA==}

  '@oxfmt/binding-android-arm-eabi@0.34.0':
    resolution: {integrity: sha512-sqkqjh/Z38l+duOb1HtVqJTAj1grt2ttkobCopC/72+a4Xxz4xUgZPFyQ4HxrYMvyqO/YA0tvM1QbfOu70Gk1Q==}
    engines: {node: ^20.19.0 || >=22.12.0}
    cpu: [arm]
    os: [android]

  '@oxfmt/binding-android-arm64@0.34.0':
    resolution: {integrity: sha512-1KRCtasHcVcGOMwfOP9d5Bus2NFsN8yAYM5cBwi8LBg5UtXC3C49WHKrlEa8iF1BjOS6CR2qIqiFbGoA0DJQNQ==}
    engines: {node: ^20.19.0 || >=22.12.0}
    cpu: [arm64]
    os: [android]

  '@oxfmt/binding-darwin-arm64@0.34.0':
    resolution: {integrity: sha512-b+Rmw9Bva6e/7PBES2wLO8sEU7Mi0+/Kv+pXSe/Y8i4fWNftZZlGwp8P01eECaUqpXATfSgNxdEKy7+ssVNz7g==}
    engines: {node: ^20.19.0 || >=22.12.0}
    cpu: [arm64]
    os: [darwin]

  '@oxfmt/binding-darwin-x64@0.34.0':
    resolution: {integrity: sha512-QGjpevWzf1T9COEokZEWt80kPOtthW1zhRbo7x4Qoz646eTTfi6XsHG2uHeDWJmTbgBoJZPMgj2TAEV/ppEZaA==}
    engines: {node: ^20.19.0 || >=22.12.0}
    cpu: [x64]
    os: [darwin]

  '@oxfmt/binding-freebsd-x64@0.34.0':
    resolution: {integrity: sha512-VMSaC02cG75qL59M9M/szEaqq/RsLfgpzQ4nqUu8BUnX1zkiZIW2gTpUv3ZJ6qpWnHxIlAXiRZjQwmcwpvtbcg==}
    engines: {node: ^20.19.0 || >=22.12.0}
    cpu: [x64]
    os: [freebsd]

  '@oxfmt/binding-linux-arm-gnueabihf@0.34.0':
    resolution: {integrity: sha512-Klm367PFJhH6vYK3vdIOxFepSJZHPaBfIuqwxdkOcfSQ4qqc/M8sgK0UTFnJWWTA/IkhMIh1kW6uEqiZ/xtQqg==}
    engines: {node: ^20.19.0 || >=22.12.0}
    cpu: [arm]
    os: [linux]

  '@oxfmt/binding-linux-arm-musleabihf@0.34.0':
    resolution: {integrity: sha512-nqn0QueVXRfbN9m58/E9Zij0Ap8lzayx591eWBYn0sZrGzY1IRv9RYS7J/1YUXbb0Ugedo0a8qIWzUHU9bWQuA==}
    engines: {node: ^20.19.0 || >=22.12.0}
    cpu: [arm]
    os: [linux]

  '@oxfmt/binding-linux-arm64-gnu@0.34.0':
    resolution: {integrity: sha512-DDn+dcqW+sMTCEjvLoQvC/VWJjG7h8wcdN/J+g7ZTdf/3/Dx730pQElxPPGsCXPhprb11OsPyMp5FwXjMY3qvA==}
    engines: {node: ^20.19.0 || >=22.12.0}
    cpu: [arm64]
    os: [linux]
    libc: [glibc]

  '@oxfmt/binding-linux-arm64-musl@0.34.0':
    resolution: {integrity: sha512-H+F8+71gHQoGTFPPJ6z4dD0Fzfzi0UP8Zx94h5kUmIFThLvMq5K1Y/bUUubiXwwHfwb5C3MPjUpYijiy0rj51Q==}
    engines: {node: ^20.19.0 || >=22.12.0}
    cpu: [arm64]
    os: [linux]
    libc: [musl]

  '@oxfmt/binding-linux-ppc64-gnu@0.34.0':
    resolution: {integrity: sha512-dIGnzTNhCXqQD5pzBwduLg8pClm+t8R53qaE9i5h8iua1iaFAJyLffh4847CNZSlASb7gn1Ofuv7KoG/EpoGZg==}
    engines: {node: ^20.19.0 || >=22.12.0}
    cpu: [ppc64]
    os: [linux]
    libc: [glibc]

  '@oxfmt/binding-linux-riscv64-gnu@0.34.0':
    resolution: {integrity: sha512-FGQ2GTTooilDte/ogwWwkHuuL3lGtcE3uKM2EcC7kOXNWdUfMY6Jx3JCodNVVbFoybv4A+HuCj8WJji2uu1Ceg==}
    engines: {node: ^20.19.0 || >=22.12.0}
    cpu: [riscv64]
    os: [linux]
    libc: [glibc]

  '@oxfmt/binding-linux-riscv64-musl@0.34.0':
    resolution: {integrity: sha512-2dGbGneJ7ptOIVKMwEIHdCkdZEomh74X3ggo4hCzEXL/rl9HwfsZDR15MkqfQqAs6nVXMvtGIOMxjDYa5lwKaA==}
    engines: {node: ^20.19.0 || >=22.12.0}
    cpu: [riscv64]
    os: [linux]
    libc: [musl]

  '@oxfmt/binding-linux-s390x-gnu@0.34.0':
    resolution: {integrity: sha512-cCtGgmrTrxq3OeSG0UAO+w6yLZTMeOF4XM9SAkNrRUxYhRQELSDQ/iNPCLyHhYNi38uHJQbS5RQweLUDpI4ajA==}
    engines: {node: ^20.19.0 || >=22.12.0}
    cpu: [s390x]
    os: [linux]
    libc: [glibc]

  '@oxfmt/binding-linux-x64-gnu@0.34.0':
    resolution: {integrity: sha512-7AvMzmeX+k7GdgitXp99GQoIV/QZIpAS7rwxQvC/T541yWC45nwvk4mpnU8N+V6dE5SPEObnqfhCjO80s7qIsg==}
    engines: {node: ^20.19.0 || >=22.12.0}
    cpu: [x64]
    os: [linux]
    libc: [glibc]

  '@oxfmt/binding-linux-x64-musl@0.34.0':
    resolution: {integrity: sha512-uNiglhcmivJo1oDMh3hoN/Z0WsbEXOpRXZdQ3W/IkOpyV8WF308jFjSC1ZxajdcNRXWej0zgge9QXba58Owt+g==}
    engines: {node: ^20.19.0 || >=22.12.0}
    cpu: [x64]
    os: [linux]
    libc: [musl]

  '@oxfmt/binding-openharmony-arm64@0.34.0':
    resolution: {integrity: sha512-5eFsTjCyji25j6zznzlMc+wQAZJoL9oWy576xhqd2efv+N4g1swIzuSDcb1dz4gpcVC6veWe9pAwD7HnrGjLwg==}
    engines: {node: ^20.19.0 || >=22.12.0}
    cpu: [arm64]
    os: [openharmony]

  '@oxfmt/binding-win32-arm64-msvc@0.34.0':
    resolution: {integrity: sha512-6id8kK0t5hKfbV6LHDzRO21wRTA6ctTlKGTZIsG/mcoir0rssvaYsedUymF4HDj7tbCUlnxCX/qOajKlEuqbIw==}
    engines: {node: ^20.19.0 || >=22.12.0}
    cpu: [arm64]
    os: [win32]

  '@oxfmt/binding-win32-ia32-msvc@0.34.0':
    resolution: {integrity: sha512-QHaz+w673mlYqn9v/+fuiKZpjkmagleXQ+NygShDv8tdHpRYX2oYhTJwwt9j1ZfVhRgza1EIUW3JmzCXmtPdhQ==}
    engines: {node: ^20.19.0 || >=22.12.0}
    cpu: [ia32]
    os: [win32]

  '@oxfmt/binding-win32-x64-msvc@0.34.0':
    resolution: {integrity: sha512-CXKQM/VaF+yuvGru8ktleHLJoBdjBtTFmAsLGePiESiTN0NjCI/PiaiOCfHMJ1HdP1LykvARUwMvgaN3tDhcrg==}
    engines: {node: ^20.19.0 || >=22.12.0}
    cpu: [x64]
    os: [win32]

  '@oxlint/binding-android-arm-eabi@1.49.0':
    resolution: {integrity: sha512-2WPoh/2oK9r/i2R4o4J18AOrm3HVlWiHZ8TnuCaS4dX8m5ZzRmHW0I3eLxEurQLHWVruhQN7fHgZnah+ag5iQg==}
    engines: {node: ^20.19.0 || >=22.12.0}
    cpu: [arm]
    os: [android]

  '@oxlint/binding-android-arm64@1.49.0':
    resolution: {integrity: sha512-YqJAGvNB11EzoKm1euVhZntb79alhMvWW/j12bYqdvVxn6xzEQWrEDCJg9BPo3A3tBCSUBKH7bVkAiCBqK/L1w==}
    engines: {node: ^20.19.0 || >=22.12.0}
    cpu: [arm64]
    os: [android]

  '@oxlint/binding-darwin-arm64@1.49.0':
    resolution: {integrity: sha512-WFocCRlvVkMhChCJ2qpJfp1Gj/IjvyjuifH9Pex8m8yHonxxQa3d8DZYreuDQU3T4jvSY8rqhoRqnpc61Nlbxw==}
    engines: {node: ^20.19.0 || >=22.12.0}
    cpu: [arm64]
    os: [darwin]

  '@oxlint/binding-darwin-x64@1.49.0':
    resolution: {integrity: sha512-BN0KniwvehbUfYztOMwEDkYoojGm/narf5oJf+/ap+6PnzMeWLezMaVARNIS0j3OdMkjHTEP8s3+GdPJ7WDywQ==}
    engines: {node: ^20.19.0 || >=22.12.0}
    cpu: [x64]
    os: [darwin]

  '@oxlint/binding-freebsd-x64@1.49.0':
    resolution: {integrity: sha512-SnkAc/DPIY6joMCiP/+53Q+N2UOGMU6ULvbztpmvPJNF/jYPGhNbKtN982uj2Gs6fpbxYkmyj08QnpkD4fbHJA==}
    engines: {node: ^20.19.0 || >=22.12.0}
    cpu: [x64]
    os: [freebsd]

  '@oxlint/binding-linux-arm-gnueabihf@1.49.0':
    resolution: {integrity: sha512-6Z3EzRvpQVIpO7uFhdiGhdE8Mh3S2VWKLL9xuxVqD6fzPhyI3ugthpYXlCChXzO8FzcYIZ3t1+Kau+h2NY1hqA==}
    engines: {node: ^20.19.0 || >=22.12.0}
    cpu: [arm]
    os: [linux]

  '@oxlint/binding-linux-arm-musleabihf@1.49.0':
    resolution: {integrity: sha512-wdjXaQYAL/L25732mLlngfst4Jdmi/HLPVHb3yfCoP5mE3lO/pFFrmOJpqWodgv29suWY74Ij+RmJ/YIG5VuzQ==}
    engines: {node: ^20.19.0 || >=22.12.0}
    cpu: [arm]
    os: [linux]

  '@oxlint/binding-linux-arm64-gnu@1.49.0':
    resolution: {integrity: sha512-oSHpm8zmSvAG1BWUumbDRSg7moJbnwoEXKAkwDf/xTQJOzvbUknq95NVQdw/AduZr5dePftalB8rzJNGBogUMg==}
    engines: {node: ^20.19.0 || >=22.12.0}
    cpu: [arm64]
    os: [linux]
    libc: [glibc]

  '@oxlint/binding-linux-arm64-musl@1.49.0':
    resolution: {integrity: sha512-xeqkMOARgGBlEg9BQuPDf6ZW711X6BT5qjDyeM5XNowCJeTSdmMhpePJjTEiVbbr3t21sIlK8RE6X5bc04nWyQ==}
    engines: {node: ^20.19.0 || >=22.12.0}
    cpu: [arm64]
    os: [linux]
    libc: [musl]

  '@oxlint/binding-linux-ppc64-gnu@1.49.0':
    resolution: {integrity: sha512-uvcqRO6PnlJGbL7TeePhTK5+7/JXbxGbN+C6FVmfICDeeRomgQqrfVjf0lUrVpUU8ii8TSkIbNdft3M+oNlOsQ==}
    engines: {node: ^20.19.0 || >=22.12.0}
    cpu: [ppc64]
    os: [linux]
    libc: [glibc]

  '@oxlint/binding-linux-riscv64-gnu@1.49.0':
    resolution: {integrity: sha512-Dw1HkdXAwHNH+ZDserHP2RzXQmhHtpsYYI0hf8fuGAVCIVwvS6w1+InLxpPMY25P8ASRNiFN3hADtoh6lI+4lg==}
    engines: {node: ^20.19.0 || >=22.12.0}
    cpu: [riscv64]
    os: [linux]
    libc: [glibc]

  '@oxlint/binding-linux-riscv64-musl@1.49.0':
    resolution: {integrity: sha512-EPlMYaA05tJ9km/0dI9K57iuMq3Tw+nHst7TNIegAJZrBPtsOtYaMFZEaWj02HA8FI5QvSnRHMt+CI+RIhXJBQ==}
    engines: {node: ^20.19.0 || >=22.12.0}
    cpu: [riscv64]
    os: [linux]
    libc: [musl]

  '@oxlint/binding-linux-s390x-gnu@1.49.0':
    resolution: {integrity: sha512-yZiQL9qEwse34aMbnMb5VqiAWfDY+fLFuoJbHOuzB1OaJZbN1MRF9Nk+W89PIpGr5DNPDipwjZb8+Q7wOywoUQ==}
    engines: {node: ^20.19.0 || >=22.12.0}
    cpu: [s390x]
    os: [linux]
    libc: [glibc]

  '@oxlint/binding-linux-x64-gnu@1.49.0':
    resolution: {integrity: sha512-CcCDwMMXSchNkhdgvhVn3DLZ4EnBXAD8o8+gRzahg+IdSt/72y19xBgShJgadIRF0TsRcV/MhDUMwL5N/W54aQ==}
    engines: {node: ^20.19.0 || >=22.12.0}
    cpu: [x64]
    os: [linux]
    libc: [glibc]

  '@oxlint/binding-linux-x64-musl@1.49.0':
    resolution: {integrity: sha512-u3HfKV8BV6t6UCCbN0RRiyqcymhrnpunVmLFI8sEa5S/EBu+p/0bJ3D7LZ2KT6PsBbrB71SWq4DeFrskOVgIZg==}
    engines: {node: ^20.19.0 || >=22.12.0}
    cpu: [x64]
    os: [linux]
    libc: [musl]

  '@oxlint/binding-openharmony-arm64@1.49.0':
    resolution: {integrity: sha512-dRDpH9fw+oeUMpM4br0taYCFpW6jQtOuEIec89rOgDA1YhqwmeRcx0XYeCv7U48p57qJ1XZHeMGM9LdItIjfzA==}
    engines: {node: ^20.19.0 || >=22.12.0}
    cpu: [arm64]
    os: [openharmony]

  '@oxlint/binding-win32-arm64-msvc@1.49.0':
    resolution: {integrity: sha512-6rrKe/wL9tn0qnOy76i1/0f4Dc3dtQnibGlU4HqR/brVHlVjzLSoaH0gAFnLnznh9yQ6gcFTBFOPrcN/eKPDGA==}
    engines: {node: ^20.19.0 || >=22.12.0}
    cpu: [arm64]
    os: [win32]

  '@oxlint/binding-win32-ia32-msvc@1.49.0':
    resolution: {integrity: sha512-CXHLWAtLs2xG/aVy1OZiYJzrULlq0QkYpI6cd7VKMrab+qur4fXVE/B1Bp1m0h1qKTj5/FTGg6oU4qaXMjS/ug==}
    engines: {node: ^20.19.0 || >=22.12.0}
    cpu: [ia32]
    os: [win32]

  '@oxlint/binding-win32-x64-msvc@1.49.0':
    resolution: {integrity: sha512-VteIelt78kwzSglOozaQcs6BCS4Lk0j+QA+hGV0W8UeyaqQ3XpbZRhDU55NW1PPvCy1tg4VXsTlEaPovqto7nQ==}
    engines: {node: ^20.19.0 || >=22.12.0}
    cpu: [x64]
    os: [win32]

  '@pkgjs/parseargs@0.11.0':
    resolution: {integrity: sha512-+1VkjdD0QBLPodGrJUeqarH8VAIvQODIbwh9XpP5Syisf7YoQgsJKPNFoqqLQlu+VQ/tVSshMR6loPMn8U+dPg==}
    engines: {node: '>=14'}

  '@sec-ant/readable-stream@0.4.1':
    resolution: {integrity: sha512-831qok9r2t8AlxLko40y2ebgSDhenenCatLVeW/uBtnHPyhHOvG0C7TvfgecV+wHzIm5KUICgzmVpWS+IMEAeg==}

  '@sindresorhus/is@7.2.0':
    resolution: {integrity: sha512-P1Cz1dWaFfR4IR+U13mqqiGsLFf1KbayybWwdd2vfctdV6hDpUkgCY0nKOLLTMSoRd/jJNjtbqzf13K8DCCXQw==}
    engines: {node: '>=18'}

  '@types/http-cache-semantics@4.2.0':
    resolution: {integrity: sha512-L3LgimLHXtGkWikKnsPg0/VFx9OGZaC+eN1u4r+OB1XRqH3meBIAVC2zr1WdMH+RHmnRkqliQAOHNJ/E0j/e0Q==}

  ansi-regex@5.0.1:
    resolution: {integrity: sha512-quJQXlTSUGL2LH9SUXo8VwsY4soanhgo6LNSm84E1LBcE8s3O0wpdiRzyR9z/ZZJMlMWv37qOOb9pdJlMUEKFQ==}
    engines: {node: '>=8'}

  ansi-regex@6.2.2:
    resolution: {integrity: sha512-Bq3SmSpyFHaWjPk8If9yc6svM8c56dB5BAtW4Qbw5jHTwwXXcTLoRMkpDJp6VL0XzlWaCHTXrkFURMYmD0sLqg==}
    engines: {node: '>=12'}

  ansi-styles@4.3.0:
    resolution: {integrity: sha512-zbB9rCJAT1rbjiVDb2hqKFHNYLxgtk8NURxZ3IZwD3F6NtxbXZQCnnSi1Lkx+IDohdPlFp222wVALIheZJQSEg==}
    engines: {node: '>=8'}

  ansi-styles@6.2.3:
    resolution: {integrity: sha512-4Dj6M28JB+oAH8kFkTLUo+a2jwOFkuqb3yucU0CANcRRUbxS0cP0nZYCGjcc3BNXwRIsUVmDGgzawme7zvJHvg==}
    engines: {node: '>=12'}

  argparse@2.0.1:
    resolution: {integrity: sha512-8+9WqebbFzpX9OR+Wa6O29asIogeRMzcGtAINdpMHHyAg10f05aSFVBbcEqGf/PXw1EjAZ+q2/bEBg3DvurK3Q==}

  balanced-match@1.0.2:
    resolution: {integrity: sha512-3oSeUO0TMV67hN1AmbXsK4yaqU7tjiHlbxRDZOpH0KW9+CeX4bRAaX0Anxt0tx2MrpRpWwQaPwIlISEJhYU5Pw==}

  brace-expansion@2.0.2:
    resolution: {integrity: sha512-Jt0vHyM+jmUBqojB7E1NIYadt0vI0Qxjxd2TErW94wDz+E2LAm5vKMXXwg6ZZBTHPuUlDgQHKXvjGBdfcF1ZDQ==}

  browser-stdout@1.3.1:
    resolution: {integrity: sha512-qhAVI1+Av2X7qelOfAIYwXONood6XlZE/fXaBSmW/T5SzLAmCgzi+eiWE7fUvbHaeNBQH13UftjpXxsfLkMpgw==}

  byte-counter@0.1.0:
    resolution: {integrity: sha512-jheRLVMeUKrDBjVw2O5+k4EvR4t9wtxHL+bo/LxfkxsVeuGMy3a5SEGgXdAFA4FSzTrU8rQXQIrsZ3oBq5a0pQ==}
    engines: {node: '>=20'}

  cacheable-lookup@7.0.0:
    resolution: {integrity: sha512-+qJyx4xiKra8mZrcwhjMRMUhD5NR1R8esPkzIYxX96JiecFoxAXFuz/GpR3+ev4PE1WamHip78wV0vcmPQtp8w==}
    engines: {node: '>=14.16'}

  cacheable-request@13.0.18:
    resolution: {integrity: sha512-rFWadDRKJs3s2eYdXlGggnBZKG7MTblkFBB0YllFds+UYnfogDp2wcR6JN97FhRkHTvq59n2vhNoHNZn29dh/Q==}
    engines: {node: '>=18'}

  camelcase@6.3.0:
    resolution: {integrity: sha512-Gmy6FhYlCY7uOElZUSbxo2UCDH8owEk996gkbrpsgGtrJLM3J7jGxl9Ic7Qwwj4ivOE5AWZWRMecDdF7hqGjFA==}
    engines: {node: '>=10'}

  chalk@4.1.2:
    resolution: {integrity: sha512-oKnbhFyRIXpUuez8iBMmyEa4nbj4IOQyuhc/wy9kY7/WVPcwIO9VA668Pu8RkO7+0G76SLROeyw9CpQ061i4mA==}
    engines: {node: '>=10'}

  chalk@5.6.2:
    resolution: {integrity: sha512-7NzBL0rN6fMUW+f7A6Io4h40qQlG+xGmtMxfbnH/K7TAtt8JQWVQK+6g0UXKMeVJoyV5EkkNsErQ8pVD3bLHbA==}
    engines: {node: ^12.17.0 || ^14.13 || >=16.0.0}

  chokidar@4.0.3:
    resolution: {integrity: sha512-Qgzu8kfBvo+cA4962jnP1KkS6Dop5NS6g7R5LFYJr4b8Ub94PPQXUksCw9PvXoeXPRRddRNC5C1JQUR2SMGtnA==}
    engines: {node: '>= 14.16.0'}

  cliui@8.0.1:
    resolution: {integrity: sha512-BSeNnyus75C4//NQ9gQt1/csTXyo/8Sb+afLAkzAptFuMsod9HFokGNudZpi/oQV73hnVK+sR+5PVRMd+Dr7YQ==}
    engines: {node: '>=12'}

  clone-regexp@3.0.0:
    resolution: {integrity: sha512-ujdnoq2Kxb8s3ItNBtnYeXdm07FcU0u8ARAT1lQ2YdMwQC+cdiXX8KoqMVuglztILivceTtp4ivqGSmEmhBUJw==}
    engines: {node: '>=12'}

  color-convert@2.0.1:
    resolution: {integrity: sha512-RRECPsj7iu/xb5oKYcsFHSppFNnsj/52OVTRKb4zP5onXwVF3zVmmToNcOfGC+CRDpfK/U584fMg38ZHCaElKQ==}
    engines: {node: '>=7.0.0'}

  color-name@1.1.4:
    resolution: {integrity: sha512-dOy+3AuW3a2wNbZHIuMZpTcgjGuLU/uBL/ubcZF9OXbDo8ff4O8yVp5Bf0efS8uEoYo5q4Fx7dY9OgQGXgAsQA==}

  convert-hrtime@5.0.0:
    resolution: {integrity: sha512-lOETlkIeYSJWcbbcvjRKGxVMXJR+8+OQb/mTPbA4ObPMytYIsUbuOE0Jzy60hjARYszq1id0j8KgVhC+WGZVTg==}
    engines: {node: '>=12'}

  cross-spawn@7.0.6:
    resolution: {integrity: sha512-uV2QOWP2nWzsy2aMp8aRibhi9dlzF5Hgh5SHaB9OiTGEyDTiJJyx0uy51QXdyWbtAHNua4XJzUKca3OzKUd3vA==}
    engines: {node: '>= 8'}

  debug@4.4.3:
    resolution: {integrity: sha512-RGwwWnwQvkVfavKVt22FGLw+xYSdzARwm0ru6DhTVA3umU5hZc28V3kO4stgYryrTlLpuvgI9GiijltAjNbcqA==}
    engines: {node: '>=6.0'}
    peerDependencies:
      supports-color: '*'
    peerDependenciesMeta:
      supports-color:
        optional: true

  decamelize@4.0.0:
    resolution: {integrity: sha512-9iE1PgSik9HeIIw2JO94IidnE3eBoQrFJ3w7sFuzSX4DpmZ3v5sZpUiV5Swcf6mQEF+Y0ru8Neo+p+nyh2J+hQ==}
    engines: {node: '>=10'}

  decompress-response@10.0.0:
    resolution: {integrity: sha512-oj7KWToJuuxlPr7VV0vabvxEIiqNMo+q0NueIiL3XhtwC6FVOX7Hr1c0C4eD0bmf7Zr+S/dSf2xvkH3Ad6sU3Q==}
    engines: {node: '>=20'}

  diff@7.0.0:
    resolution: {integrity: sha512-PJWHUb1RFevKCwaFA9RlG5tCd+FO5iRh9A8HEtkmBH2Li03iJriB6m6JIN4rGz3K3JLawI7/veA1xzRKP6ISBw==}
    engines: {node: '>=0.3.1'}

  eastasianwidth@0.2.0:
    resolution: {integrity: sha512-I88TYZWc9XiYHRQ4/3c5rjjfgkjhLyW2luGIheGERbNQ6OY7yTybanSpDXZa8y7VUP9YmDcYa+eyq4ca7iLqWA==}

  emoji-regex@8.0.0:
    resolution: {integrity: sha512-MSjYzcWNOA0ewAHpz0MxpYFvwg6yjy1NG3xteoqz644VCo/RPgnr1/GGt+ic3iJTzQ8Eu3TdM14SawnVUmGE6A==}

  emoji-regex@9.2.2:
    resolution: {integrity: sha512-L18DaJsXSUk2+42pv8mLs5jJT2hqFkFE4j21wOmgbUqsZ2hL72NsUU785g9RXgo3s0ZNgVl42TiHp3ZtOv/Vyg==}

  escalade@3.2.0:
    resolution: {integrity: sha512-WUj2qlxaQtO4g6Pq5c29GTcWGDyd8itL8zTlipgECz3JesAiiOKotd8JU6otB3PACgG6xkJUyVhboMS+bje/jA==}
    engines: {node: '>=6'}

  escape-string-regexp@4.0.0:
    resolution: {integrity: sha512-TtpcNJ3XAzx3Gq8sWRzJaVajRs0uVxA2YAkdb1jm2YkPz4G6egUFAyA3n5vtEIZefPk5Wa4UXbKuS5fKkJWdgA==}
    engines: {node: '>=10'}

  eventemitter3@5.0.4:
    resolution: {integrity: sha512-mlsTRyGaPBjPedk6Bvw+aqbsXDtoAyAzm5MO7JgU+yVRyMQ5O8bD4Kcci7BS85f93veegeCPkL8R4GLClnjLFw==}

  find-up@5.0.0:
    resolution: {integrity: sha512-78/PXT1wlLLDgTzDs7sjq9hzz0vXD+zn+7wypEe4fXQxCmdmqfGsEPQxmiCSQI3ajFV91bVSsvNtrJRiW6nGng==}
    engines: {node: '>=10'}

  flat@5.0.2:
    resolution: {integrity: sha512-b6suED+5/3rTpUBdG1gupIl8MPFCAMA0QXwmljLhvCUKcUvdE4gWky9zpuGCcXHOsz4J9wPGNWq6OKpmIzz3hQ==}
    hasBin: true

  foreground-child@3.3.1:
    resolution: {integrity: sha512-gIXjKqtFuWEgzFRJA9WCQeSJLZDjgJUOMCMzxtvFq/37KojM1BFGufqsCy0r4qSQmYLsZYMeyRqzIWOMup03sw==}
    engines: {node: '>=14'}

  form-data-encoder@4.1.0:
    resolution: {integrity: sha512-G6NsmEW15s0Uw9XnCg+33H3ViYRyiM0hMrMhhqQOR8NFc5GhYrI+6I3u7OTw7b91J2g8rtvMBZJDbcGb2YUniw==}
    engines: {node: '>= 18'}

  function-timeout@0.1.1:
    resolution: {integrity: sha512-0NVVC0TaP7dSTvn1yMiy6d6Q8gifzbvQafO46RtLG/kHJUBNd+pVRGOBoK44wNBvtSPUJRfdVvkFdD3p0xvyZg==}
    engines: {node: '>=14.16'}

  get-caller-file@2.0.5:
    resolution: {integrity: sha512-DyFP3BM/3YHTQOCUL/w0OZHR0lpKeGrxotcHWcqNEdnltqFwXVfhEBQ94eIo34AfQpo0rGki4cyIiftY06h2Fg==}
    engines: {node: 6.* || 8.* || >= 10.*}

  get-stream@9.0.1:
    resolution: {integrity: sha512-kVCxPF3vQM/N0B1PmoqVUqgHP+EeVjmZSQn+1oCRPxd2P21P2F19lIgbR3HBosbB1PUhOAoctJnfEn2GbN2eZA==}
    engines: {node: '>=18'}

  glob@10.5.0:
    resolution: {integrity: sha512-DfXN8DfhJ7NH3Oe7cFmu3NCu1wKbkReJ8TorzSAFbSKrlNaQSKfIzqYqVY8zlbs2NLBbWpRiU52GX2PbaBVNkg==}
    hasBin: true

  got@14.6.6:
    resolution: {integrity: sha512-QLV1qeYSo5l13mQzWgP/y0LbMr5Plr5fJilgAIwgnwseproEbtNym8xpLsDzeZ6MWXgNE6kdWGBjdh3zT/Qerg==}
    engines: {node: '>=20'}

  has-flag@4.0.0:
    resolution: {integrity: sha512-EykJT/Q1KjTWctppgIAgfSO0tKVuZUjhgMr17kqTumMl6Afv3EISleU7qZUzoXDFTAHTDC4NOoG/ZxU3EvlMPQ==}
    engines: {node: '>=8'}

  he@1.2.0:
    resolution: {integrity: sha512-F/1DnUGPopORZi0ni+CvrCgHQ5FyEAHRLSApuYWMmrbSwoN2Mn/7k+Gl38gJnR7yyDZk6WLXwiGod1JOWNDKGw==}
    hasBin: true

  http-cache-semantics@4.2.0:
    resolution: {integrity: sha512-dTxcvPXqPvXBQpq5dUr6mEMJX4oIEFv6bwom3FDwKRDsuIjjJGANqhBuoAn9c1RQJIdAKav33ED65E2ys+87QQ==}

  http2-wrapper@2.2.1:
    resolution: {integrity: sha512-V5nVw1PAOgfI3Lmeaj2Exmeg7fenjhRUgz1lPSezy1CuhPYbgQtbQj4jZfEAEMlaL+vupsvhjqCyjzob0yxsmQ==}
    engines: {node: '>=10.19.0'}

  husky@9.1.7:
    resolution: {integrity: sha512-5gs5ytaNjBrh5Ow3zrvdUUY+0VxIuWVL4i9irt6friV+BqdCfmV11CQTWMiBYWHbXhco+J1kHfTOUkePhCDvMA==}
    engines: {node: '>=18'}
    hasBin: true

  ip-regex@5.0.0:
    resolution: {integrity: sha512-fOCG6lhoKKakwv+C6KdsOnGvgXnmgfmp0myi3bcNwj3qfwPAxRKWEuFhvEFF7ceYIz6+1jRZ+yguLFAmUNPEfw==}
    engines: {node: ^12.20.0 || ^14.13.1 || >=16.0.0}

  is-fullwidth-code-point@3.0.0:
    resolution: {integrity: sha512-zymm5+u+sCsSWyD9qNaejV3DFvhCKclKdizYaJUuHA83RLjb7nSuGnddCHGv0hk+KY7BMAlsWeK4Ueg6EV6XQg==}
    engines: {node: '>=8'}

  is-ip@5.0.1:
    resolution: {integrity: sha512-FCsGHdlrOnZQcp0+XT5a+pYowf33itBalCl+7ovNXC/7o5BhIpG14M3OrpPPdBSIQJCm+0M5+9mO7S9VVTTCFw==}
    engines: {node: '>=14.16'}

  is-path-inside@3.0.3:
    resolution: {integrity: sha512-Fd4gABb+ycGAmKou8eMftCupSir5lRxqf4aD/vd0cD2qc4HL07OjCeuHMr8Ro4CoMaeCKDB0/ECBOVWjTwUvPQ==}
    engines: {node: '>=8'}

  is-plain-obj@2.1.0:
    resolution: {integrity: sha512-YWnfyRwxL/+SsrWYfOpUtz5b3YD+nyfkHvjbcanzk8zgyO4ASD67uVMRt8k5bM4lLMDnXfriRhOpemw+NfT1eA==}
    engines: {node: '>=8'}

  is-regexp@3.1.0:
    resolution: {integrity: sha512-rbku49cWloU5bSMI+zaRaXdQHXnthP6DZ/vLnfdSKyL4zUzuWnomtOEiZZOd+ioQ+avFo/qau3KPTc7Fjy1uPA==}
    engines: {node: '>=12'}

  is-stream@4.0.1:
    resolution: {integrity: sha512-Dnz92NInDqYckGEUJv689RbRiTSEHCQ7wOVeALbkOz999YpqT46yMRIGtSNl2iCL1waAZSx40+h59NV/EwzV/A==}
    engines: {node: '>=18'}

  is-unicode-supported@0.1.0:
    resolution: {integrity: sha512-knxG2q4UC3u8stRGyAVJCOdxFmv5DZiRcdlIaAQXAbSfJya+OhopNotLQrstBhququ4ZpuKbDc/8S6mgXgPFPw==}
    engines: {node: '>=10'}

  isexe@2.0.0:
    resolution: {integrity: sha512-RHxMLp9lnKHGHRng9QFhRCMbYAcVpn69smSGcq3f36xjgVVWThj4qqLbTLlq7Ssj8B+fIQ1EuCEGI2lKsyQeIw==}

  jackspeak@3.4.3:
    resolution: {integrity: sha512-OGlZQpz2yfahA/Rd1Y8Cd9SIEsqvXkLVoSw/cgwhnhFMDbsQFeZYoJJ7bIZBS9BcamUW96asq/npPWugM+RQBw==}

  js-yaml@4.1.1:
    resolution: {integrity: sha512-qQKT4zQxXl8lLwBtHMWwaTcGfFOZviOJet3Oy/xmGk2gZH677CJM9EvtfdSkgWcATZhj/55JZ0rmy3myCT5lsA==}
    hasBin: true

  keyv@5.6.0:
    resolution: {integrity: sha512-CYDD3SOtsHtyXeEORYRx2qBtpDJFjRTGXUtmNEMGyzYOKj1TE3tycdlho7kA1Ufx9OYWZzg52QFBGALTirzDSw==}

  locate-path@6.0.0:
    resolution: {integrity: sha512-iPZK6eYjbxRu3uB4/WZ3EsEIMJFMqAoopl3R+zuq0UjcAm/MO6KCweDgPfP3elTztoKP3KtnVHxTn2NHBSDVUw==}
    engines: {node: '>=10'}

  log-symbols@4.1.0:
    resolution: {integrity: sha512-8XPvpAA8uyhfteu8pIvQxpJZ7SYYdpUivZpGy6sFsBuKRY/7rQGavedeB8aK+Zkyq6upMFVL/9AW6vOYzfRyLg==}
    engines: {node: '>=10'}

  lowercase-keys@3.0.0:
    resolution: {integrity: sha512-ozCC6gdQ+glXOQsveKD0YsDy8DSQFjDTz4zyzEHNV5+JP5D62LmfDZ6o1cycFx9ouG940M5dE8C8CTewdj2YWQ==}
    engines: {node: ^12.20.0 || ^14.13.1 || >=16.0.0}

  lru-cache@10.4.3:
    resolution: {integrity: sha512-JNAzZcXrCt42VGLuYz0zfAzDfAvJWW6AfYlDBQyDV5DClI2m5sAmK+OIO7s59XfsRsWHp02jAJrRadPRGTt6SQ==}

  mimic-response@4.0.0:
    resolution: {integrity: sha512-e5ISH9xMYU0DzrT+jl8q2ze9D6eWBto+I8CNpe+VI+K2J/F/k3PdkdTdz4wvGVH4NTpo+NRYTVIuMQEMMcsLqg==}
    engines: {node: ^12.20.0 || ^14.13.1 || >=16.0.0}

  minimatch@9.0.5:
    resolution: {integrity: sha512-G6T0ZX48xgozx7587koeX9Ys2NYy6Gmv//P89sEte9V9whIapMNF4idKxnW2QtCcLiTWlb/wfCabAtAFWhhBow==}
    engines: {node: '>=16 || 14 >=14.17'}

  minipass@7.1.2:
    resolution: {integrity: sha512-qOOzS1cBTWYF4BH8fVePDBOO9iptMnGUEZwNc/cMWnTV2nVLZ7VoNWEPHkYczZA0pdoA7dl6e7FL659nX9S2aw==}
    engines: {node: '>=16 || 14 >=14.17'}

  mocha@11.7.5:
    resolution: {integrity: sha512-mTT6RgopEYABzXWFx+GcJ+ZQ32kp4fMf0xvpZIIfSq9Z8lC/++MtcCnQ9t5FP2veYEP95FIYSvW+U9fV4xrlig==}
    engines: {node: ^18.18.0 || ^20.9.0 || >=21.1.0}
    hasBin: true

  ms@2.1.3:
    resolution: {integrity: sha512-6FlzubTLZG3J2a/NVCAleEhjzq5oxgHyaCU9yYXvcLsvoVaHJq/s5xXI6/XXP6tz7R9xAOtHnSO/tXtF3WRTlA==}

  normalize-url@8.1.1:
    resolution: {integrity: sha512-JYc0DPlpGWB40kH5g07gGTrYuMqV653k3uBKY6uITPWds3M0ov3GaWGp9lbE3Bzngx8+XkfzgvASb9vk9JDFXQ==}
    engines: {node: '>=14.16'}

  oxfmt@0.34.0:
    resolution: {integrity: sha512-t+zTE4XGpzPTK+Zk9gSwcJcFi4pqjl6PwO/ZxPBJiJQ2XCKMucwjPlHxvPHyVKJtkMSyrDGfQ7Ntg/hUr4OgHQ==}
    engines: {node: ^20.19.0 || >=22.12.0}
    hasBin: true

  oxlint@1.49.0:
    resolution: {integrity: sha512-YZffp0gM+63CJoRhHjtjRnwKtAgUnXM6j63YQ++aigji2NVvLGsUlrXo9gJUXZOdcbfShLYtA6RuTu8GZ4lzOQ==}
    engines: {node: ^20.19.0 || >=22.12.0}
    hasBin: true
    peerDependencies:
      oxlint-tsgolint: '>=0.14.1'
    peerDependenciesMeta:
      oxlint-tsgolint:
        optional: true

  p-cancelable@4.0.1:
    resolution: {integrity: sha512-wBowNApzd45EIKdO1LaU+LrMBwAcjfPaYtVzV3lmfM3gf8Z4CHZsiIqlM8TZZ8okYvh5A1cP6gTfCRQtwUpaUg==}
    engines: {node: '>=14.16'}

  p-limit@3.1.0:
    resolution: {integrity: sha512-TYOanM3wGwNGsZN2cVTYPArw454xnXj5qmWF1bEoAc4+cU/ol7GVh7odevjp1FNHduHc3KZMcFduxU5Xc6uJRQ==}
    engines: {node: '>=10'}

  p-locate@5.0.0:
    resolution: {integrity: sha512-LaNjtRWUBY++zB5nE/NwcaoMylSPk+S+ZHNB1TzdbMJMny6dynpAGt7X/tl/QYq3TIeE6nxHppbo2LGymrG5Pw==}
    engines: {node: '>=10'}

  p-queue@9.1.0:
    resolution: {integrity: sha512-O/ZPaXuQV29uSLbxWBGGZO1mCQXV2BLIwUr59JUU9SoH76mnYvtms7aafH/isNSNGwuEfP6W/4xD0/TJXxrizw==}
    engines: {node: '>=20'}

  p-timeout@7.0.1:
    resolution: {integrity: sha512-AxTM2wDGORHGEkPCt8yqxOTMgpfbEHqF51f/5fJCmwFC3C/zNcGT63SymH2ttOAaiIws2zVg4+izQCjrakcwHg==}
    engines: {node: '>=20'}

  package-json-from-dist@1.0.1:
    resolution: {integrity: sha512-UEZIS3/by4OC8vL3P2dTXRETpebLI2NiI5vIrjaD/5UtrkFX/tNbwjTSRAGC/+7CAo2pIcBaRgWmcBBHcsaCIw==}

  path-exists@4.0.0:
    resolution: {integrity: sha512-ak9Qy5Q7jYb2Wwcey5Fpvg2KoAc/ZIhLSLOSBmRmygPsGwkVVt0fZa0qrtMz+m6tJTAHfZQ8FnmB4MG4LWy7/w==}
    engines: {node: '>=8'}

  path-key@3.1.1:
    resolution: {integrity: sha512-ojmeN0qd+y0jszEtoY48r0Peq5dwMEkIlCOu6Q5f41lfkswXuKtYrhgoTpLnyIcHm24Uhqx+5Tqm2InSwLhE6Q==}
    engines: {node: '>=8'}

  path-scurry@1.11.1:
    resolution: {integrity: sha512-Xa4Nw17FS9ApQFJ9umLiJS4orGjm7ZzwUrwamcGQuHSzDyth9boKDaycYdDcZDuqYATXw4HFXgaqWTctW/v1HA==}
    engines: {node: '>=16 || 14 >=14.18'}

  picocolors@1.1.1:
    resolution: {integrity: sha512-xceH2snhtb5M9liqDsmEw56le376mTZkEX/jEb/RxNFyegNul7eNslCXP9FDj/Lcu0X8KEyMceP2ntpaHrDEVA==}

  pretty-bytes@7.1.0:
    resolution: {integrity: sha512-nODzvTiYVRGRqAOvE84Vk5JDPyyxsVk0/fbA/bq7RqlnhksGpset09XTxbpvLTIjoaF7K8Z8DG8yHtKGTPSYRw==}
    engines: {node: '>=20'}

  quick-lru@5.1.1:
    resolution: {integrity: sha512-WuyALRjWPDGtt/wzJiadO5AXY+8hZ80hVpe6MyivgraREW751X3SbhRvG3eLKOYN+8VEvqLcf3wdnt44Z4S4SA==}
    engines: {node: '>=10'}

  randombytes@2.1.0:
    resolution: {integrity: sha512-vYl3iOX+4CKUWuxGi9Ukhie6fsqXqS9FE2Zaic4tNFD2N2QQaXOMFbuKK4QmDHC0JO6B1Zp41J0LpT0oR68amQ==}

  readdirp@4.1.2:
    resolution: {integrity: sha512-GDhwkLfywWL2s6vEjyhri+eXmfH6j1L7JE27WhqLeYzoh/A3DBaYGEj2H/HFZCn/kMfim73FXxEJTw06WtxQwg==}
    engines: {node: '>= 14.18.0'}

  require-directory@2.1.1:
    resolution: {integrity: sha512-fGxEI7+wsG9xrvdjsrlmL22OMTTiHRwAMroiEeMgq8gzoLC/PQr7RsRDSTLUg/bZAZtF+TVIkHc6/4RIKrui+Q==}
    engines: {node: '>=0.10.0'}

  resolve-alpn@1.2.1:
    resolution: {integrity: sha512-0a1F4l73/ZFZOakJnQ3FvkJ2+gSTQWz/r2KE5OdDY0TxPm5h4GkqkWWfM47T7HsbnOtcJVEF4epCVy6u7Q3K+g==}

  responselike@4.0.2:
    resolution: {integrity: sha512-cGk8IbWEAnaCpdAt1BHzJ3Ahz5ewDJa0KseTsE3qIRMJ3C698W8psM7byCeWVpd/Ha7FUYzuRVzXoKoM6nRUbA==}
    engines: {node: '>=20'}

  safe-buffer@5.2.1:
    resolution: {integrity: sha512-rp3So07KcdmmKbGvgaNxQSJr7bGVSVk5S9Eq1F+ppbRo70+YeaDxkw5Dd8NPN+GD6bjnYm2VuPuCXmpuYvmCXQ==}

  serialize-javascript@6.0.2:
    resolution: {integrity: sha512-Saa1xPByTTq2gdeFZYLLo+RFE35NHZkAbqZeWNd3BpzppeVisAqpDjcp8dyf6uIvEqJRd46jemmyA4iFIeVk8g==}

  shebang-command@2.0.0:
    resolution: {integrity: sha512-kHxr2zZpYtdmrN1qDjrrX/Z1rR1kG8Dx+gkpK1G4eXmvXswmcE1hTWBWYUzlraYw1/yZp6YuDY77YtvbN0dmDA==}
    engines: {node: '>=8'}

  shebang-regex@3.0.0:
    resolution: {integrity: sha512-7++dFhtcx3353uBaq8DDR4NuxBetBzC7ZQOhmTQInHEd6bSrXdiEyzCvG07Z44UYdLShWUyXt5M/yhz8ekcb1A==}
    engines: {node: '>=8'}

  signal-exit@4.1.0:
    resolution: {integrity: sha512-bzyZ1e88w9O1iNJbKnOlvYTrWPDl46O1bG0D3XInv+9tkPrxrN8jUUTiFlDkkmKWgn1M6CfIA13SuGqOa9Korw==}
    engines: {node: '>=14'}

  string-width@4.2.3:
    resolution: {integrity: sha512-wKyQRQpjJ0sIp62ErSZdGsjMJWsap5oRNihHhu6G7JVO/9jIB6UyevL+tXuOqrng8j/cxKTWyWUwvSTriiZz/g==}
    engines: {node: '>=8'}

  string-width@5.1.2:
    resolution: {integrity: sha512-HnLOCR3vjcY8beoNLtcjZ5/nxn2afmME6lhrDrebokqMap+XbeW8n9TXpPDOqdGK5qcI3oT0GKTW6wC7EMiVqA==}
    engines: {node: '>=12'}

  strip-ansi@6.0.1:
    resolution: {integrity: sha512-Y38VPSHcqkFrCpFnQ9vuSXmquuv5oXOKpGeT6aGrr3o3Gc9AlVa6JBfUSOCnbxGGZF+/0ooI7KrPuUSztUdU5A==}
    engines: {node: '>=8'}

  strip-ansi@7.1.2:
    resolution: {integrity: sha512-gmBGslpoQJtgnMAvOVqGZpEz9dyoKTCzy2nfz/n8aIFhN/jCE/rCmcxabB6jOOHV+0WNnylOxaxBQPSvcWklhA==}
    engines: {node: '>=12'}

  strip-json-comments@3.1.1:
    resolution: {integrity: sha512-6fPc+R4ihwqP6N/aIv2f1gMH8lOVtWQHoqC4yK6oSDVVocumAsfCqjkXnqiYMhmMwS/mEHLp7Vehlt3ql6lEig==}
    engines: {node: '>=8'}

  super-regex@0.2.0:
    resolution: {integrity: sha512-WZzIx3rC1CvbMDloLsVw0lkZVKJWbrkJ0k1ghKFmcnPrW1+jWbgTkTEWVtD9lMdmI4jZEz40+naBxl1dCUhXXw==}
    engines: {node: '>=14.16'}

  supports-color@7.2.0:
    resolution: {integrity: sha512-qpCAvRl9stuOHveKsn7HncJRvv501qIacKzQlO/+Lwxc9+0q2wLyv4Dfvt80/DPn2pqOBsJdDiogXGR9+OvwRw==}
    engines: {node: '>=8'}

  supports-color@8.1.1:
    resolution: {integrity: sha512-MpUEN2OodtUzxvKQl72cUF7RQ5EiHsGvSsVG0ia9c5RbWGL2CI4C7EpPS8UTBIplnlzZiNuV56w+FuNxy3ty2Q==}
    engines: {node: '>=10'}

  time-span@5.1.0:
    resolution: {integrity: sha512-75voc/9G4rDIJleOo4jPvN4/YC4GRZrY8yy1uU4lwrB3XEQbWve8zXoO5No4eFrGcTAMYyoY67p8jRQdtA1HbA==}
    engines: {node: '>=12'}

  tinypool@2.1.0:
    resolution: {integrity: sha512-Pugqs6M0m7Lv1I7FtxN4aoyToKg1C4tu+/381vH35y8oENM/Ai7f7C4StcoK4/+BSw9ebcS8jRiVrORFKCALLw==}
    engines: {node: ^20.0.0 || >=22.0.0}

  type-fest@4.41.0:
    resolution: {integrity: sha512-TeTSQ6H5YHvpqVwBRcnLDCBnDOHWYu7IvGbHT6N8AOymcr9PJGjc1GTtiWZTYg0NCgYwvnYWEkVChQAr9bjfwA==}
    engines: {node: '>=16'}

  which@2.0.2:
    resolution: {integrity: sha512-BLI3Tl1TW3Pvl70l3yq3Y64i+awpwXqsGBYWkkqMtnbXgrMD+yj7rhW0kuEDxzJaYXGjEW5ogapKNMEKNMjibA==}
    engines: {node: '>= 8'}
    hasBin: true

  workerpool@9.3.4:
    resolution: {integrity: sha512-TmPRQYYSAnnDiEB0P/Ytip7bFGvqnSU6I2BcuSw7Hx+JSg/DsUi5ebYfc8GYaSdpuvOcEs6dXxPurOYpe9QFwg==}

  wrap-ansi@7.0.0:
    resolution: {integrity: sha512-YVGIj2kamLSTxw6NsZjoBxfSwsn0ycdesmc4p+Q21c5zPuZ1pl+NfxVdxPtdHvmNVOQ6XSYG4AUtyt/Fi7D16Q==}
    engines: {node: '>=10'}

  wrap-ansi@8.1.0:
    resolution: {integrity: sha512-si7QWI6zUMq56bESFvagtmzMdGOtoxfR+Sez11Mobfc7tm+VkUckk9bW2UeffTGVUbOksxmSw0AA2gs8g71NCQ==}
    engines: {node: '>=12'}

  y18n@5.0.8:
    resolution: {integrity: sha512-0pfFzegeDWJHJIAmTLRP2DwHjdF5s7jo9tuztdQxAhINCdvS+3nGINqPd00AphqJR/0LhANUS6/+7SCb98YOfA==}
    engines: {node: '>=10'}

  yargs-parser@21.1.1:
    resolution: {integrity: sha512-tVpsJW7DdjecAiFpbIB1e3qxIQsE6NoPc5/eTdrbbIC4h0LVsWhnoa3g+m2HclBIujHzsxZ4VJVA+GUuc2/LBw==}
    engines: {node: '>=12'}

  yargs-unparser@2.0.0:
    resolution: {integrity: sha512-7pRTIA9Qc1caZ0bZ6RYRGbHJthJWuakf+WmHK0rVeLkNrrGhfoabBNdue6kdINI6r4if7ocq9aD/n7xwKOdzOA==}
    engines: {node: '>=10'}

  yargs@17.7.2:
    resolution: {integrity: sha512-7dSzzRQ++CKnNI/krKnYRV7JKKPUXMEh61soaHKg9mrWEhzFWhFnxPxGl+69cD1Ou63C13NUPCnmIcrvqCuM6w==}
    engines: {node: '>=12'}

  yocto-queue@0.1.0:
    resolution: {integrity: sha512-rVksvsnNCdJ/ohGc6xgPwyN8eheCxsiLM8mxuE/t/mOVqJewPuO1miLpTHQiRgTKCLexL4MeAFVagts7HmNZ2Q==}
    engines: {node: '>=10'}

snapshots:

  '@isaacs/cliui@8.0.2':
    dependencies:
      string-width: 5.1.2
      string-width-cjs: string-width@4.2.3
      strip-ansi: 7.1.2
      strip-ansi-cjs: strip-ansi@6.0.1
      wrap-ansi: 8.1.0
      wrap-ansi-cjs: wrap-ansi@7.0.0

  '@k03mad/oxlint-config@0.0.16': {}

  '@k03mad/request@14.0.1':
    dependencies:
      chalk: 5.6.2
      debug: 4.4.3(supports-color@8.1.1)
      got: 14.6.6
      p-queue: 9.1.0
      pretty-bytes: 7.1.0
      strip-ansi: 7.1.2
    transitivePeerDependencies:
      - supports-color

  '@keyv/serialize@1.1.1': {}

  '@oxfmt/binding-android-arm-eabi@0.34.0':
    optional: true

  '@oxfmt/binding-android-arm64@0.34.0':
    optional: true

  '@oxfmt/binding-darwin-arm64@0.34.0':
    optional: true

  '@oxfmt/binding-darwin-x64@0.34.0':
    optional: true

  '@oxfmt/binding-freebsd-x64@0.34.0':
    optional: true

  '@oxfmt/binding-linux-arm-gnueabihf@0.34.0':
    optional: true

  '@oxfmt/binding-linux-arm-musleabihf@0.34.0':
    optional: true

  '@oxfmt/binding-linux-arm64-gnu@0.34.0':
    optional: true

  '@oxfmt/binding-linux-arm64-musl@0.34.0':
    optional: true

  '@oxfmt/binding-linux-ppc64-gnu@0.34.0':
    optional: true

  '@oxfmt/binding-linux-riscv64-gnu@0.34.0':
    optional: true

  '@oxfmt/binding-linux-riscv64-musl@0.34.0':
    optional: true

  '@oxfmt/binding-linux-s390x-gnu@0.34.0':
    optional: true

  '@oxfmt/binding-linux-x64-gnu@0.34.0':
    optional: true

  '@oxfmt/binding-linux-x64-musl@0.34.0':
    optional: true

  '@oxfmt/binding-openharmony-arm64@0.34.0':
    optional: true

  '@oxfmt/binding-win32-arm64-msvc@0.34.0':
    optional: true

  '@oxfmt/binding-win32-ia32-msvc@0.34.0':
    optional: true

  '@oxfmt/binding-win32-x64-msvc@0.34.0':
    optional: true

  '@oxlint/binding-android-arm-eabi@1.49.0':
    optional: true

  '@oxlint/binding-android-arm64@1.49.0':
    optional: true

  '@oxlint/binding-darwin-arm64@1.49.0':
    optional: true

  '@oxlint/binding-darwin-x64@1.49.0':
    optional: true

  '@oxlint/binding-freebsd-x64@1.49.0':
    optional: true

  '@oxlint/binding-linux-arm-gnueabihf@1.49.0':
    optional: true

  '@oxlint/binding-linux-arm-musleabihf@1.49.0':
    optional: true

  '@oxlint/binding-linux-arm64-gnu@1.49.0':
    optional: true

  '@oxlint/binding-linux-arm64-musl@1.49.0':
    optional: true

  '@oxlint/binding-linux-ppc64-gnu@1.49.0':
    optional: true

  '@oxlint/binding-linux-riscv64-gnu@1.49.0':
    optional: true

  '@oxlint/binding-linux-riscv64-musl@1.49.0':
    optional: true

  '@oxlint/binding-linux-s390x-gnu@1.49.0':
    optional: true

  '@oxlint/binding-linux-x64-gnu@1.49.0':
    optional: true

  '@oxlint/binding-linux-x64-musl@1.49.0':
    optional: true

  '@oxlint/binding-openharmony-arm64@1.49.0':
    optional: true

  '@oxlint/binding-win32-arm64-msvc@1.49.0':
    optional: true

  '@oxlint/binding-win32-ia32-msvc@1.49.0':
    optional: true

  '@oxlint/binding-win32-x64-msvc@1.49.0':
    optional: true

  '@pkgjs/parseargs@0.11.0':
    optional: true

  '@sec-ant/readable-stream@0.4.1': {}

  '@sindresorhus/is@7.2.0': {}

  '@types/http-cache-semantics@4.2.0': {}

  ansi-regex@5.0.1: {}

  ansi-regex@6.2.2: {}

  ansi-styles@4.3.0:
    dependencies:
      color-convert: 2.0.1

  ansi-styles@6.2.3: {}

  argparse@2.0.1: {}

  balanced-match@1.0.2: {}

  brace-expansion@2.0.2:
    dependencies:
      balanced-match: 1.0.2

  browser-stdout@1.3.1: {}

  byte-counter@0.1.0: {}

  cacheable-lookup@7.0.0: {}

  cacheable-request@13.0.18:
    dependencies:
      '@types/http-cache-semantics': 4.2.0
      get-stream: 9.0.1
      http-cache-semantics: 4.2.0
      keyv: 5.6.0
      mimic-response: 4.0.0
      normalize-url: 8.1.1
      responselike: 4.0.2

  camelcase@6.3.0: {}

  chalk@4.1.2:
    dependencies:
      ansi-styles: 4.3.0
      supports-color: 7.2.0

  chalk@5.6.2: {}

  chokidar@4.0.3:
    dependencies:
      readdirp: 4.1.2

  cliui@8.0.1:
    dependencies:
      string-width: 4.2.3
      strip-ansi: 6.0.1
      wrap-ansi: 7.0.0

  clone-regexp@3.0.0:
    dependencies:
      is-regexp: 3.1.0

  color-convert@2.0.1:
    dependencies:
      color-name: 1.1.4

  color-name@1.1.4: {}

  convert-hrtime@5.0.0: {}

  cross-spawn@7.0.6:
    dependencies:
      path-key: 3.1.1
      shebang-command: 2.0.0
      which: 2.0.2

  debug@4.4.3(supports-color@8.1.1):
    dependencies:
      ms: 2.1.3
    optionalDependencies:
      supports-color: 8.1.1

  decamelize@4.0.0: {}

  decompress-response@10.0.0:
    dependencies:
      mimic-response: 4.0.0

  diff@7.0.0: {}

  eastasianwidth@0.2.0: {}

  emoji-regex@8.0.0: {}

  emoji-regex@9.2.2: {}

  escalade@3.2.0: {}

  escape-string-regexp@4.0.0: {}

  eventemitter3@5.0.4: {}

  find-up@5.0.0:
    dependencies:
      locate-path: 6.0.0
      path-exists: 4.0.0

  flat@5.0.2: {}

  foreground-child@3.3.1:
    dependencies:
      cross-spawn: 7.0.6
      signal-exit: 4.1.0

  form-data-encoder@4.1.0: {}

  function-timeout@0.1.1: {}

  get-caller-file@2.0.5: {}

  get-stream@9.0.1:
    dependencies:
      '@sec-ant/readable-stream': 0.4.1
      is-stream: 4.0.1

  glob@10.5.0:
    dependencies:
      foreground-child: 3.3.1
      jackspeak: 3.4.3
      minimatch: 9.0.5
      minipass: 7.1.2
      package-json-from-dist: 1.0.1
      path-scurry: 1.11.1

  got@14.6.6:
    dependencies:
      '@sindresorhus/is': 7.2.0
      byte-counter: 0.1.0
      cacheable-lookup: 7.0.0
      cacheable-request: 13.0.18
      decompress-response: 10.0.0
      form-data-encoder: 4.1.0
      http2-wrapper: 2.2.1
      keyv: 5.6.0
      lowercase-keys: 3.0.0
      p-cancelable: 4.0.1
      responselike: 4.0.2
      type-fest: 4.41.0

  has-flag@4.0.0: {}

  he@1.2.0: {}

  http-cache-semantics@4.2.0: {}

  http2-wrapper@2.2.1:
    dependencies:
      quick-lru: 5.1.1
      resolve-alpn: 1.2.1

  husky@9.1.7: {}

  ip-regex@5.0.0: {}

  is-fullwidth-code-point@3.0.0: {}

  is-ip@5.0.1:
    dependencies:
      ip-regex: 5.0.0
      super-regex: 0.2.0

  is-path-inside@3.0.3: {}

  is-plain-obj@2.1.0: {}

  is-regexp@3.1.0: {}

  is-stream@4.0.1: {}

  is-unicode-supported@0.1.0: {}

  isexe@2.0.0: {}

  jackspeak@3.4.3:
    dependencies:
      '@isaacs/cliui': 8.0.2
    optionalDependencies:
      '@pkgjs/parseargs': 0.11.0

  js-yaml@4.1.1:
    dependencies:
      argparse: 2.0.1

  keyv@5.6.0:
    dependencies:
      '@keyv/serialize': 1.1.1

  locate-path@6.0.0:
    dependencies:
      p-locate: 5.0.0

  log-symbols@4.1.0:
    dependencies:
      chalk: 4.1.2
      is-unicode-supported: 0.1.0

  lowercase-keys@3.0.0: {}

  lru-cache@10.4.3: {}

  mimic-response@4.0.0: {}

  minimatch@9.0.5:
    dependencies:
      brace-expansion: 2.0.2

  minipass@7.1.2: {}

  mocha@11.7.5:
    dependencies:
      browser-stdout: 1.3.1
      chokidar: 4.0.3
      debug: 4.4.3(supports-color@8.1.1)
      diff: 7.0.0
      escape-string-regexp: 4.0.0
      find-up: 5.0.0
      glob: 10.5.0
      he: 1.2.0
      is-path-inside: 3.0.3
      js-yaml: 4.1.1
      log-symbols: 4.1.0
      minimatch: 9.0.5
      ms: 2.1.3
      picocolors: 1.1.1
      serialize-javascript: 6.0.2
      strip-json-comments: 3.1.1
      supports-color: 8.1.1
      workerpool: 9.3.4
      yargs: 17.7.2
      yargs-parser: 21.1.1
      yargs-unparser: 2.0.0

  ms@2.1.3: {}

  normalize-url@8.1.1: {}

  oxfmt@0.34.0:
    dependencies:
      tinypool: 2.1.0
    optionalDependencies:
      '@oxfmt/binding-android-arm-eabi': 0.34.0
      '@oxfmt/binding-android-arm64': 0.34.0
      '@oxfmt/binding-darwin-arm64': 0.34.0
      '@oxfmt/binding-darwin-x64': 0.34.0
      '@oxfmt/binding-freebsd-x64': 0.34.0
      '@oxfmt/binding-linux-arm-gnueabihf': 0.34.0
      '@oxfmt/binding-linux-arm-musleabihf': 0.34.0
      '@oxfmt/binding-linux-arm64-gnu': 0.34.0
      '@oxfmt/binding-linux-arm64-musl': 0.34.0
      '@oxfmt/binding-linux-ppc64-gnu': 0.34.0
      '@oxfmt/binding-linux-riscv64-gnu': 0.34.0
      '@oxfmt/binding-linux-riscv64-musl': 0.34.0
      '@oxfmt/binding-linux-s390x-gnu': 0.34.0
      '@oxfmt/binding-linux-x64-gnu': 0.34.0
      '@oxfmt/binding-linux-x64-musl': 0.34.0
      '@oxfmt/binding-openharmony-arm64': 0.34.0
      '@oxfmt/binding-win32-arm64-msvc': 0.34.0
      '@oxfmt/binding-win32-ia32-msvc': 0.34.0
      '@oxfmt/binding-win32-x64-msvc': 0.34.0

  oxlint@1.49.0:
    optionalDependencies:
      '@oxlint/binding-android-arm-eabi': 1.49.0
      '@oxlint/binding-android-arm64': 1.49.0
      '@oxlint/binding-darwin-arm64': 1.49.0
      '@oxlint/binding-darwin-x64': 1.49.0
      '@oxlint/binding-freebsd-x64': 1.49.0
      '@oxlint/binding-linux-arm-gnueabihf': 1.49.0
      '@oxlint/binding-linux-arm-musleabihf': 1.49.0
      '@oxlint/binding-linux-arm64-gnu': 1.49.0
      '@oxlint/binding-linux-arm64-musl': 1.49.0
      '@oxlint/binding-linux-ppc64-gnu': 1.49.0
      '@oxlint/binding-linux-riscv64-gnu': 1.49.0
      '@oxlint/binding-linux-riscv64-musl': 1.49.0
      '@oxlint/binding-linux-s390x-gnu': 1.49.0
      '@oxlint/binding-linux-x64-gnu': 1.49.0
      '@oxlint/binding-linux-x64-musl': 1.49.0
      '@oxlint/binding-openharmony-arm64': 1.49.0
      '@oxlint/binding-win32-arm64-msvc': 1.49.0
      '@oxlint/binding-win32-ia32-msvc': 1.49.0
      '@oxlint/binding-win32-x64-msvc': 1.49.0

  p-cancelable@4.0.1: {}

  p-limit@3.1.0:
    dependencies:
      yocto-queue: 0.1.0

  p-locate@5.0.0:
    dependencies:
      p-limit: 3.1.0

  p-queue@9.1.0:
    dependencies:
      eventemitter3: 5.0.4
      p-timeout: 7.0.1

  p-timeout@7.0.1: {}

  package-json-from-dist@1.0.1: {}

  path-exists@4.0.0: {}

  path-key@3.1.1: {}

  path-scurry@1.11.1:
    dependencies:
      lru-cache: 10.4.3
      minipass: 7.1.2

  picocolors@1.1.1: {}

  pretty-bytes@7.1.0: {}

  quick-lru@5.1.1: {}

  randombytes@2.1.0:
    dependencies:
      safe-buffer: 5.2.1

  readdirp@4.1.2: {}

  require-directory@2.1.1: {}

  resolve-alpn@1.2.1: {}

  responselike@4.0.2:
    dependencies:
      lowercase-keys: 3.0.0

  safe-buffer@5.2.1: {}

  serialize-javascript@6.0.2:
    dependencies:
      randombytes: 2.1.0

  shebang-command@2.0.0:
    dependencies:
      shebang-regex: 3.0.0

  shebang-regex@3.0.0: {}

  signal-exit@4.1.0: {}

  string-width@4.2.3:
    dependencies:
      emoji-regex: 8.0.0
      is-fullwidth-code-point: 3.0.0
      strip-ansi: 6.0.1

  string-width@5.1.2:
    dependencies:
      eastasianwidth: 0.2.0
      emoji-regex: 9.2.2
      strip-ansi: 7.1.2

  strip-ansi@6.0.1:
    dependencies:
      ansi-regex: 5.0.1

  strip-ansi@7.1.2:
    dependencies:
      ansi-regex: 6.2.2

  strip-json-comments@3.1.1: {}

  super-regex@0.2.0:
    dependencies:
      clone-regexp: 3.0.0
      function-timeout: 0.1.1
      time-span: 5.1.0

  supports-color@7.2.0:
    dependencies:
      has-flag: 4.0.0

  supports-color@8.1.1:
    dependencies:
      has-flag: 4.0.0

  time-span@5.1.0:
    dependencies:
      convert-hrtime: 5.0.0

  tinypool@2.1.0: {}

  type-fest@4.41.0: {}

  which@2.0.2:
    dependencies:
      isexe: 2.0.0

  workerpool@9.3.4: {}

  wrap-ansi@7.0.0:
    dependencies:
      ansi-styles: 4.3.0
      string-width: 4.2.3
      strip-ansi: 6.0.1

  wrap-ansi@8.1.0:
    dependencies:
      ansi-styles: 6.2.3
      string-width: 5.1.2
      strip-ansi: 7.1.2

  y18n@5.0.8: {}

  yargs-parser@21.1.1: {}

  yargs-unparser@2.0.0:
    dependencies:
      camelcase: 6.3.0
      decamelize: 4.0.0
      flat: 5.0.2
      is-plain-obj: 2.1.0

  yargs@17.7.2:
    dependencies:
      cliui: 8.0.1
      escalade: 3.2.0
      get-caller-file: 2.0.5
      require-directory: 2.1.1
      string-width: 4.2.3
      y18n: 5.0.8
      yargs-parser: 21.1.1

  yocto-queue@0.1.0: {}
